
Microsoft Visual Studio Solution File, Format Version 12.00
# Visual Studio 15
VisualStudioVersion = 15.0.27130.2003
MinimumVisualStudioVersion = 10.0.40219.1
Project("{FAE04EC0-301F-11D3-BF4B-00C04F79EFBC}") = "Platin.WebAPI", "Platin_WebAPI\Platin.WebAPI.csproj", "{13E9CA99-0F48-4C21-990F-C395252C4808}"
EndProject
Project("{2150E333-8FDC-42A3-9474-1A3956D46DE8}") = "0 - Presentation", "0 - Presentation", "{B535370A-B9F6-4FFD-91AB-7F36B7C8201E}"
EndProject
Project("{2150E333-8FDC-42A3-9474-1A3956D46DE8}") = "1 - Services", "1 - Services", "{1C7210A5-AEE8-4F33-A356-34EF53FFD149}"
EndProject
Project("{2150E333-8FDC-42A3-9474-1A3956D46DE8}") = "2 - Application", "2 - Application", "{7AB125F3-5E49-44F3-9B7B-84C4890330BF}"
EndProject
Project("{2150E333-8FDC-42A3-9474-1A3956D46DE8}") = "3 - Domain", "3 - Domain", "{DAEB7827-A913-4CD0-8244-D532A864C386}"
EndProject
Project("{2150E333-8FDC-42A3-9474-1A3956D46DE8}") = "4 - Infra", "4 - Infra", "{3BD7A8D9-8A88-480E-A257-37D1697B751E}"
EndProject
Project("{2150E333-8FDC-42A3-9474-1A3956D46DE8}") = "5 - Tests", "5 - Tests", "{66393C03-F58D-4C9F-9BA6-C0BF8044E847}"
EndProject
Project("{2150E333-8FDC-42A3-9474-1A3956D46DE8}") = "5.1 - Presentation", "5.1 - Presentation", "{C3F0F217-C84D-4DC0-809D-80E1D0D14CE8}"
EndProject
Project("{2150E333-8FDC-42A3-9474-1A3956D46DE8}") = "5.2 - Domain", "5.2 - Domain", "{4AF0937A-4203-407D-9460-803EEA74DB4B}"
EndProject
Project("{2150E333-8FDC-42A3-9474-1A3956D46DE8}") = "5.3 - Application", "5.3 - Application", "{C194951B-C07F-46C5-BB92-EA478AC51E22}"
EndProject
Project("{2150E333-8FDC-42A3-9474-1A3956D46DE8}") = "5.4 - Services", "5.4 - Services", "{BE9A7C0E-B797-491E-B328-F1E689BFC09B}"
EndProject
Project("{2150E333-8FDC-42A3-9474-1A3956D46DE8}") = "5.5 - Infra", "5.5 - Infra", "{09286B92-CAF0-4A41-A83A-6BD5BD97FFAF}"
EndProject
Project("{2150E333-8FDC-42A3-9474-1A3956D46DE8}") = "4.1 - CrossCutting", "4.1 - CrossCutting", "{226A6308-8BE8-4D1B-928F-C6196D1B72E4}"
EndProject
Project("{2150E333-8FDC-42A3-9474-1A3956D46DE8}") = "4.2 - Data", "4.2 - Data", "{AB57AFCC-5A19-42CB-86D9-239DECEB1CD7}"
EndProject
Project("{FAE04EC0-301F-11D3-BF4B-00C04F79EFBC}") = "Platin.Infra.CrossCutting.Helpers", "Platin.Infra.CrossCutting.Helpers\Platin.Infra.CrossCutting.Helpers.csproj", "{5CCD62F6-19CD-47F1-83BA-6F1E5A80864E}"
EndProject
Project("{FAE04EC0-301F-11D3-BF4B-00C04F79EFBC}") = "Platin.Infra.Data", "Platin.Infra.Data\Platin.Infra.Data.csproj", "{D0548A2B-3515-426A-9D5F-5A11CD813EC3}"
EndProject
Project("{FAE04EC0-301F-11D3-BF4B-00C04F79EFBC}") = "Platin.Infra.IOC", "Platin.Infra.IOC\Platin.Infra.IOC.csproj", "{D868A3A4-E680-4454-8477-7335C8651915}"
EndProject
Project("{FAE04EC0-301F-11D3-BF4B-00C04F79EFBC}") = "Platin.Domain", "Platin.Domain\Platin.Domain.csproj", "{9D908C7F-7563-4DFD-B09C-6F13F520A2B3}"
EndProject
Project("{FAE04EC0-301F-11D3-BF4B-00C04F79EFBC}") = "Platin.Application", "Platin.Application\Platin.Application.csproj", "{8B31A2F1-AD1E-4182-80E6-609A6FD55D40}"
EndProject
Project("{FAE04EC0-301F-11D3-BF4B-00C04F79EFBC}") = "Platin.Services", "Platin.Services\Platin.Services.csproj", "{0792A9A0-E85C-45D6-84C1-A2C26E57FFF0}"
EndProject
Project("{FAE04EC0-301F-11D3-BF4B-00C04F79EFBC}") = "Platin.Presentation.Tests", "Platin.Presentation.Tests\Platin.Presentation.Tests.csproj", "{BBD4667D-BCE2-434D-93C1-FC2D55AF9BC6}"
EndProject
Project("{FAE04EC0-301F-11D3-BF4B-00C04F79EFBC}") = "Platin.Domain.Tests", "Platin.Domain.Tests\Platin.Domain.Tests.csproj", "{623EF30A-8165-4502-9513-B3A3A151A2BC}"
EndProject
Project("{FAE04EC0-301F-11D3-BF4B-00C04F79EFBC}") = "Platin.Application.Tests", "Platin.Application.Tests\Platin.Application.Tests.csproj", "{121E96ED-DD48-4899-8EA4-1B3A5507BF8B}"
EndProject
Project("{FAE04EC0-301F-11D3-BF4B-00C04F79EFBC}") = "Platin.Services.Tests", "Platin.Services.Tests\Platin.Services.Tests.csproj", "{5EA23E7B-D6B5-4F4A-843E-1AEA59E5887B}"
EndProject
Project("{FAE04EC0-301F-11D3-BF4B-00C04F79EFBC}") = "Platin.Infra.Tests", "Platin.Infra.Tests\Platin.Infra.Tests.csproj", "{884855D3-08F5-41EB-BE4A-63787E434902}"
EndProject
Global
	GlobalSection(SolutionConfigurationPlatforms) = preSolution
		Debug|Any CPU = Debug|Any CPU
		Release|Any CPU = Release|Any CPU
	EndGlobalSection
	GlobalSection(ProjectConfigurationPlatforms) = postSolution
		{13E9CA99-0F48-4C21-990F-C395252C4808}.Debug|Any CPU.ActiveCfg = Debug|Any CPU
		{13E9CA99-0F48-4C21-990F-C395252C4808}.Debug|Any CPU.Build.0 = Debug|Any CPU
		{13E9CA99-0F48-4C21-990F-C395252C4808}.Release|Any CPU.ActiveCfg = Release|Any CPU
		{13E9CA99-0F48-4C21-990F-C395252C4808}.Release|Any CPU.Build.0 = Release|Any CPU
		{5CCD62F6-19CD-47F1-83BA-6F1E5A80864E}.Debug|Any CPU.ActiveCfg = Debug|Any CPU
		{5CCD62F6-19CD-47F1-83BA-6F1E5A80864E}.Debug|Any CPU.Build.0 = Debug|Any CPU
		{5CCD62F6-19CD-47F1-83BA-6F1E5A80864E}.Release|Any CPU.ActiveCfg = Release|Any CPU
		{5CCD62F6-19CD-47F1-83BA-6F1E5A80864E}.Release|Any CPU.Build.0 = Release|Any CPU
		{D0548A2B-3515-426A-9D5F-5A11CD813EC3}.Debug|Any CPU.ActiveCfg = Debug|Any CPU
		{D0548A2B-3515-426A-9D5F-5A11CD813EC3}.Debug|Any CPU.Build.0 = Debug|Any CPU
		{D0548A2B-3515-426A-9D5F-5A11CD813EC3}.Release|Any CPU.ActiveCfg = Release|Any CPU
		{D0548A2B-3515-426A-9D5F-5A11CD813EC3}.Release|Any CPU.Build.0 = Release|Any CPU
		{D868A3A4-E680-4454-8477-7335C8651915}.Debug|Any CPU.ActiveCfg = Debug|Any CPU
		{D868A3A4-E680-4454-8477-7335C8651915}.Debug|Any CPU.Build.0 = Debug|Any CPU
		{D868A3A4-E680-4454-8477-7335C8651915}.Release|Any CPU.ActiveCfg = Release|Any CPU
		{D868A3A4-E680-4454-8477-7335C8651915}.Release|Any CPU.Build.0 = Release|Any CPU
		{9D908C7F-7563-4DFD-B09C-6F13F520A2B3}.Debug|Any CPU.ActiveCfg = Debug|Any CPU
		{9D908C7F-7563-4DFD-B09C-6F13F520A2B3}.Debug|Any CPU.Build.0 = Debug|Any CPU
		{9D908C7F-7563-4DFD-B09C-6F13F520A2B3}.Release|Any CPU.ActiveCfg = Release|Any CPU
		{9D908C7F-7563-4DFD-B09C-6F13F520A2B3}.Release|Any CPU.Build.0 = Release|Any CPU
		{8B31A2F1-AD1E-4182-80E6-609A6FD55D40}.Debug|Any CPU.ActiveCfg = Debug|Any CPU
		{8B31A2F1-AD1E-4182-80E6-609A6FD55D40}.Debug|Any CPU.Build.0 = Debug|Any CPU
		{8B31A2F1-AD1E-4182-80E6-609A6FD55D40}.Release|Any CPU.ActiveCfg = Release|Any CPU
		{8B31A2F1-AD1E-4182-80E6-609A6FD55D40}.Release|Any CPU.Build.0 = Release|Any CPU
		{0792A9A0-E85C-45D6-84C1-A2C26E57FFF0}.Debug|Any CPU.ActiveCfg = Debug|Any CPU
		{0792A9A0-E85C-45D6-84C1-A2C26E57FFF0}.Debug|Any CPU.Build.0 = Debug|Any CPU
		{0792A9A0-E85C-45D6-84C1-A2C26E57FFF0}.Release|Any CPU.ActiveCfg = Release|Any CPU
		{0792A9A0-E85C-45D6-84C1-A2C26E57FFF0}.Release|Any CPU.Build.0 = Release|Any CPU
		{BBD4667D-BCE2-434D-93C1-FC2D55AF9BC6}.Debug|Any CPU.ActiveCfg = Debug|Any CPU
		{BBD4667D-BCE2-434D-93C1-FC2D55AF9BC6}.Debug|Any CPU.Build.0 = Debug|Any CPU
		{BBD4667D-BCE2-434D-93C1-FC2D55AF9BC6}.Release|Any CPU.ActiveCfg = Release|Any CPU
		{BBD4667D-BCE2-434D-93C1-FC2D55AF9BC6}.Release|Any CPU.Build.0 = Release|Any CPU
		{623EF30A-8165-4502-9513-B3A3A151A2BC}.Debug|Any CPU.ActiveCfg = Debug|Any CPU
		{623EF30A-8165-4502-9513-B3A3A151A2BC}.Debug|Any CPU.Build.0 = Debug|Any CPU
		{623EF30A-8165-4502-9513-B3A3A151A2BC}.Release|Any CPU.ActiveCfg = Release|Any CPU
		{623EF30A-8165-4502-9513-B3A3A151A2BC}.Release|Any CPU.Build.0 = Release|Any CPU
		{121E96ED-DD48-4899-8EA4-1B3A5507BF8B}.Debug|Any CPU.ActiveCfg = Debug|Any CPU
		{121E96ED-DD48-4899-8EA4-1B3A5507BF8B}.Debug|Any CPU.Build.0 = Debug|Any CPU
		{121E96ED-DD48-4899-8EA4-1B3A5507BF8B}.Release|Any CPU.ActiveCfg = Release|Any CPU
		{121E96ED-DD48-4899-8EA4-1B3A5507BF8B}.Release|Any CPU.Build.0 = Release|Any CPU
		{5EA23E7B-D6B5-4F4A-843E-1AEA59E5887B}.Debug|Any CPU.ActiveCfg = Debug|Any CPU
		{5EA23E7B-D6B5-4F4A-843E-1AEA59E5887B}.Debug|Any CPU.Build.0 = Debug|Any CPU
		{5EA23E7B-D6B5-4F4A-843E-1AEA59E5887B}.Release|Any CPU.ActiveCfg = Release|Any CPU
		{5EA23E7B-D6B5-4F4A-843E-1AEA59E5887B}.Release|Any CPU.Build.0 = Release|Any CPU
		{884855D3-08F5-41EB-BE4A-63787E434902}.Debug|Any CPU.ActiveCfg = Debug|Any CPU
		{884855D3-08F5-41EB-BE4A-63787E434902}.Debug|Any CPU.Build.0 = Debug|Any CPU
		{884855D3-08F5-41EB-BE4A-63787E434902}.Release|Any CPU.ActiveCfg = Release|Any CPU
		{884855D3-08F5-41EB-BE4A-63787E434902}.Release|Any CPU.Build.0 = Release|Any CPU
	EndGlobalSection
	GlobalSection(SolutionProperties) = preSolution
		HideSolutionNode = FALSE
	EndGlobalSection
	GlobalSection(NestedProjects) = preSolution
		{13E9CA99-0F48-4C21-990F-C395252C4808} = {B535370A-B9F6-4FFD-91AB-7F36B7C8201E}
		{C3F0F217-C84D-4DC0-809D-80E1D0D14CE8} = {66393C03-F58D-4C9F-9BA6-C0BF8044E847}
		{4AF0937A-4203-407D-9460-803EEA74DB4B} = {66393C03-F58D-4C9F-9BA6-C0BF8044E847}
		{C194951B-C07F-46C5-BB92-EA478AC51E22} = {66393C03-F58D-4C9F-9BA6-C0BF8044E847}
		{BE9A7C0E-B797-491E-B328-F1E689BFC09B} = {66393C03-F58D-4C9F-9BA6-C0BF8044E847}
		{09286B92-CAF0-4A41-A83A-6BD5BD97FFAF} = {66393C03-F58D-4C9F-9BA6-C0BF8044E847}
		{226A6308-8BE8-4D1B-928F-C6196D1B72E4} = {3BD7A8D9-8A88-480E-A257-37D1697B751E}
		{AB57AFCC-5A19-42CB-86D9-239DECEB1CD7} = {3BD7A8D9-8A88-480E-A257-37D1697B751E}
		{5CCD62F6-19CD-47F1-83BA-6F1E5A80864E} = {226A6308-8BE8-4D1B-928F-C6196D1B72E4}
		{D0548A2B-3515-426A-9D5F-5A11CD813EC3} = {AB57AFCC-5A19-42CB-86D9-239DECEB1CD7}
		{D868A3A4-E680-4454-8477-7335C8651915} = {AB57AFCC-5A19-42CB-86D9-239DECEB1CD7}
		{9D908C7F-7563-4DFD-B09C-6F13F520A2B3} = {DAEB7827-A913-4CD0-8244-D532A864C386}
		{8B31A2F1-AD1E-4182-80E6-609A6FD55D40} = {7AB125F3-5E49-44F3-9B7B-84C4890330BF}
		{0792A9A0-E85C-45D6-84C1-A2C26E57FFF0} = {1C7210A5-AEE8-4F33-A356-34EF53FFD149}
		{BBD4667D-BCE2-434D-93C1-FC2D55AF9BC6} = {C3F0F217-C84D-4DC0-809D-80E1D0D14CE8}
		{623EF30A-8165-4502-9513-B3A3A151A2BC} = {4AF0937A-4203-407D-9460-803EEA74DB4B}
		{121E96ED-DD48-4899-8EA4-1B3A5507BF8B} = {C194951B-C07F-46C5-BB92-EA478AC51E22}
		{5EA23E7B-D6B5-4F4A-843E-1AEA59E5887B} = {BE9A7C0E-B797-491E-B328-F1E689BFC09B}
		{884855D3-08F5-41EB-BE4A-63787E434902} = {09286B92-CAF0-4A41-A83A-6BD5BD97FFAF}
	EndGlobalSection
	GlobalSection(ExtensibilityGlobals) = postSolution
		SolutionGuid = {2B34489B-94D6-4D6E-AD24-128888932AA4}
	EndGlobalSection
EndGlobal
